
Microsoft Visual Studio Solution File, Format Version 12.00
# Visual Studio Version 17
VisualStudioVersion = 17.5.33530.505
MinimumVisualStudioVersion = 10.0.40219.1
Project("{FAE04EC0-301F-11D3-BF4B-00C04F79EFBC}") = "Draibot", "Draibot\Draibot.csproj", "{B8B6F069-5590-4DFE-AE72-79BA49931E88}"
EndProject
Global
	GlobalSection(SolutionConfigurationPlatforms) = preSolution
		Debug|Any CPU = Debug|Any CPU
		Release|Any CPU = Release|Any CPU
	EndGlobalSection
	GlobalSection(ProjectConfigurationPlatforms) = postSolution
		{B8B6F069-5590-4DFE-AE72-79BA49931E88}.Debug|Any CPU.ActiveCfg = Debug|Any CPU
		{B8B6F069-5590-4DFE-AE72-79BA49931E88}.Debug|Any CPU.Build.0 = Debug|Any CPU
		{B8B6F069-5590-4DFE-AE72-79BA49931E88}.Release|Any CPU.ActiveCfg = Release|Any CPU
		{B8B6F069-5590-4DFE-AE72-79BA49931E88}.Release|Any CPU.Build.0 = Release|Any CPU
	EndGlobalSection
	GlobalSection(SolutionProperties) = preSolution
		HideSolutionNode = FALSE
	EndGlobalSection
	GlobalSection(ExtensibilityGlobals) = postSolution
		SolutionGuid = {426CA3BE-01A0-470F-9741-0317B70037A6}
	EndGlobalSection
EndGlobal
